
Microsoft Visual Studio Solution File, Format Version 12.00
# Visual Studio 15
VisualStudioVersion = 15.0.28306.52
MinimumVisualStudioVersion = 10.0.40219.1
Project("{FAE04EC0-301F-11D3-BF4B-00C04F79EFBC}") = "EjemploNorthwind.Entities", "EjemploNorthwind.Entities\EjemploNorthwind.Entities.csproj", "{7C0A3BF0-A9F4-44D5-98B8-940E749B31E5}"
EndProject
Project("{FAE04EC0-301F-11D3-BF4B-00C04F79EFBC}") = "EjemploNorthind.Logic", "EjemploNorthind.Logic\EjemploNorthind.Logic.csproj", "{21D11424-4386-43A0-8981-BA372504E746}"
EndProject
Global
	GlobalSection(SolutionConfigurationPlatforms) = preSolution
		Debug|Any CPU = Debug|Any CPU
		Release|Any CPU = Release|Any CPU
	EndGlobalSection
	GlobalSection(ProjectConfigurationPlatforms) = postSolution
		{7C0A3BF0-A9F4-44D5-98B8-940E749B31E5}.Debug|Any CPU.ActiveCfg = Debug|Any CPU
		{7C0A3BF0-A9F4-44D5-98B8-940E749B31E5}.Debug|Any CPU.Build.0 = Debug|Any CPU
		{7C0A3BF0-A9F4-44D5-98B8-940E749B31E5}.Release|Any CPU.ActiveCfg = Release|Any CPU
		{7C0A3BF0-A9F4-44D5-98B8-940E749B31E5}.Release|Any CPU.Build.0 = Release|Any CPU
		{21D11424-4386-43A0-8981-BA372504E746}.Debug|Any CPU.ActiveCfg = Debug|Any CPU
		{21D11424-4386-43A0-8981-BA372504E746}.Debug|Any CPU.Build.0 = Debug|Any CPU
		{21D11424-4386-43A0-8981-BA372504E746}.Release|Any CPU.ActiveCfg = Release|Any CPU
		{21D11424-4386-43A0-8981-BA372504E746}.Release|Any CPU.Build.0 = Release|Any CPU
	EndGlobalSection
	GlobalSection(SolutionProperties) = preSolution
		HideSolutionNode = FALSE
	EndGlobalSection
	GlobalSection(ExtensibilityGlobals) = postSolution
		SolutionGuid = {3E4EEED2-67C5-4943-A2DC-C9EE5F27807D}
	EndGlobalSection
EndGlobal
